
Microsoft Visual Studio Solution File, Format Version 12.00
# Visual Studio Version 16
VisualStudioVersion = 16.0.33328.57
MinimumVisualStudioVersion = 10.0.40219.1
Project("{FAE04EC0-301F-11D3-BF4B-00C04F79EFBC}") = "144hz Spam", "144hz Spam\144hz Spam.csproj", "{05E247C6-4EF5-47CB-9181-2213D6410308}"
EndProject
Global
	GlobalSection(SolutionConfigurationPlatforms) = preSolution
		Debug|Any CPU = Debug|Any CPU
		Release|Any CPU = Release|Any CPU
	EndGlobalSection
	GlobalSection(ProjectConfigurationPlatforms) = postSolution
		{05E247C6-4EF5-47CB-9181-2213D6410308}.Debug|Any CPU.ActiveCfg = Debug|Any CPU
		{05E247C6-4EF5-47CB-9181-2213D6410308}.Debug|Any CPU.Build.0 = Debug|Any CPU
		{05E247C6-4EF5-47CB-9181-2213D6410308}.Release|Any CPU.ActiveCfg = Release|Any CPU
		{05E247C6-4EF5-47CB-9181-2213D6410308}.Release|Any CPU.Build.0 = Release|Any CPU
	EndGlobalSection
	GlobalSection(SolutionProperties) = preSolution
		HideSolutionNode = FALSE
	EndGlobalSection
	GlobalSection(ExtensibilityGlobals) = postSolution
		SolutionGuid = {7129BF5C-90A4-40D7-A0A6-7DD80CFFF46E}
	EndGlobalSection
EndGlobal
